
Microsoft Visual Studio Solution File, Format Version 12.00
# Visual Studio Version 16
VisualStudioVersion = 16.0.31105.61
MinimumVisualStudioVersion = 10.0.40219.1
Project("{9A19103F-16F7-4668-BE54-9A1E7A4F7556}") = "Api", "ApiMagazine\Api.csproj", "{89427A8C-7CFF-4F0D-82D9-45A78ED308D4}"
EndProject
Project("{9A19103F-16F7-4668-BE54-9A1E7A4F7556}") = "Domain", "Domain\Domain.csproj", "{7E44DE54-FC1D-4217-B9AF-AAABB162A6AB}"
EndProject
Global
	GlobalSection(SolutionConfigurationPlatforms) = preSolution
		Debug|Any CPU = Debug|Any CPU
		Release|Any CPU = Release|Any CPU
	EndGlobalSection
	GlobalSection(ProjectConfigurationPlatforms) = postSolution
		{89427A8C-7CFF-4F0D-82D9-45A78ED308D4}.Debug|Any CPU.ActiveCfg = Debug|Any CPU
		{89427A8C-7CFF-4F0D-82D9-45A78ED308D4}.Debug|Any CPU.Build.0 = Debug|Any CPU
		{89427A8C-7CFF-4F0D-82D9-45A78ED308D4}.Release|Any CPU.ActiveCfg = Release|Any CPU
		{89427A8C-7CFF-4F0D-82D9-45A78ED308D4}.Release|Any CPU.Build.0 = Release|Any CPU
		{7E44DE54-FC1D-4217-B9AF-AAABB162A6AB}.Debug|Any CPU.ActiveCfg = Debug|Any CPU
		{7E44DE54-FC1D-4217-B9AF-AAABB162A6AB}.Debug|Any CPU.Build.0 = Debug|Any CPU
		{7E44DE54-FC1D-4217-B9AF-AAABB162A6AB}.Release|Any CPU.ActiveCfg = Release|Any CPU
		{7E44DE54-FC1D-4217-B9AF-AAABB162A6AB}.Release|Any CPU.Build.0 = Release|Any CPU
	EndGlobalSection
	GlobalSection(SolutionProperties) = preSolution
		HideSolutionNode = FALSE
	EndGlobalSection
	GlobalSection(ExtensibilityGlobals) = postSolution
		SolutionGuid = {C27C3471-AE5D-4192-84B9-CE19369A6751}
	EndGlobalSection
EndGlobal
